{
  "nodes": {
    "GUSbase": {
      "inputs": {
        "flake-utils": "flake-utils",
        "nixpkgs": [
          "nixpkgs"
        ]
      },
      "locked": {
        "lastModified": 1709783298,
        "narHash": "sha256-aS6270WM0be0MHOjdC8ZOkoHhdUTabIMuhPGJq1K0Us=",
        "owner": "tpbilton",
        "repo": "GUSbase",
        "rev": "4ab9b35b839a01e03a1b28841e7c8b931c4e1e75",
        "type": "github"
      },
      "original": {
        "owner": "tpbilton",
        "repo": "GUSbase",
        "type": "github"
      }
    },
    "bbmap": {
      "inputs": {
        "flake-utils": "flake-utils_2",
        "nixpkgs": [
          "nixpkgs"
        ]
      },
      "locked": {
        "lastModified": 1728530980,
        "narHash": "sha256-+b1KnD6gsBjp5SgAbk40fC7FiTbFAcdQBdfupIDgy/0=",
        "owner": "AgResearch",
        "repo": "bbmap.nix",
        "rev": "7e84ca518c13acd1f9bdd2d8d556f9f27c62e3b0",
        "type": "github"
      },
      "original": {
        "owner": "AgResearch",
        "ref": "main",
        "repo": "bbmap.nix",
        "type": "github"
      }
    },
    "bcl-convert": {
      "inputs": {
        "flake-utils": "flake-utils_3",
        "nixpkgs": [
          "nixpkgs"
        ]
      },
      "locked": {
        "lastModified": 1713317552,
        "narHash": "sha256-E9Wbluiff4UtF8Qtyeg2CtBDe6Slw36W6oEHqepIsDk=",
        "owner": "AgResearch",
        "repo": "bcl-convert.nix",
        "rev": "0d00c1a38a6183d6e9acc2e6b86896e5237f4481",
        "type": "github"
      },
      "original": {
        "owner": "AgResearch",
        "ref": "main",
        "repo": "bcl-convert.nix",
        "type": "github"
      }
    },
    "cutadapt": {
      "inputs": {
        "flake-utils": "flake-utils_4",
        "nixpkgs": [
          "nixpkgs"
        ]
      },
      "locked": {
        "lastModified": 1730854251,
        "narHash": "sha256-KbcpcGyzjY/TM5YJDuVZNajsCunhpGPMLRIutFBMmcU=",
        "owner": "AgResearch",
        "repo": "cutadapt.nix",
        "rev": "7ef4d59aab1b577c931d30047bd215c90dcc587f",
        "type": "github"
      },
      "original": {
        "owner": "AgResearch",
        "ref": "main",
        "repo": "cutadapt.nix",
        "type": "github"
      }
    },
    "flake-utils": {
      "inputs": {
        "systems": "systems"
      },
      "locked": {
        "lastModified": 1705309234,
        "narHash": "sha256-uNRRNRKmJyCRC/8y1RqBkqWBLM034y4qN7EprSdmgyA=",
        "owner": "numtide",
        "repo": "flake-utils",
        "rev": "1ef2e671c3b0c19053962c07dbda38332dcebf26",
        "type": "github"
      },
      "original": {
        "owner": "numtide",
        "repo": "flake-utils",
        "type": "github"
      }
    },
    "flake-utils_2": {
      "inputs": {
        "systems": "systems_2"
      },
      "locked": {
        "lastModified": 1710146030,
        "narHash": "sha256-SZ5L6eA7HJ/nmkzGG7/ISclqe6oZdOZTNoesiInkXPQ=",
        "owner": "numtide",
        "repo": "flake-utils",
        "rev": "b1d9ab70662946ef0850d488da1c9019f3a9752a",
        "type": "github"
      },
      "original": {
        "owner": "numtide",
        "repo": "flake-utils",
        "type": "github"
      }
    },
    "flake-utils_3": {
      "inputs": {
        "systems": "systems_3"
      },
      "locked": {
        "lastModified": 1710146030,
        "narHash": "sha256-SZ5L6eA7HJ/nmkzGG7/ISclqe6oZdOZTNoesiInkXPQ=",
        "owner": "numtide",
        "repo": "flake-utils",
        "rev": "b1d9ab70662946ef0850d488da1c9019f3a9752a",
        "type": "github"
      },
      "original": {
        "owner": "numtide",
        "repo": "flake-utils",
        "type": "github"
      }
    },
    "flake-utils_4": {
      "inputs": {
        "systems": "systems_4"
      },
      "locked": {
        "lastModified": 1726560853,
        "narHash": "sha256-X6rJYSESBVr3hBoH0WbKE5KvhPU5bloyZ2L4K60/fPQ=",
        "owner": "numtide",
        "repo": "flake-utils",
        "rev": "c1dfcf08411b08f6b8615f7d8971a2bfa81d5e8a",
        "type": "github"
      },
      "original": {
        "owner": "numtide",
        "repo": "flake-utils",
        "type": "github"
      }
    },
    "flake-utils_5": {
      "inputs": {
        "systems": "systems_5"
      },
      "locked": {
        "lastModified": 1726560853,
        "narHash": "sha256-X6rJYSESBVr3hBoH0WbKE5KvhPU5bloyZ2L4K60/fPQ=",
        "owner": "numtide",
        "repo": "flake-utils",
        "rev": "c1dfcf08411b08f6b8615f7d8971a2bfa81d5e8a",
        "type": "github"
      },
      "original": {
        "owner": "numtide",
        "repo": "flake-utils",
        "type": "github"
      }
    },
    "flake-utils_6": {
      "inputs": {
        "systems": "systems_6"
      },
      "locked": {
        "lastModified": 1694529238,
        "narHash": "sha256-zsNZZGTGnMOf9YpHKJqMSsa0dXbfmxeoJ7xHlrt+xmY=",
        "owner": "numtide",
        "repo": "flake-utils",
        "rev": "ff7b65b44d01cf9ba6a71320833626af21126384",
        "type": "github"
      },
      "original": {
        "owner": "numtide",
        "repo": "flake-utils",
        "type": "github"
      }
    },
    "flake-utils_7": {
      "inputs": {
        "systems": "systems_7"
      },
      "locked": {
        "lastModified": 1731533236,
        "narHash": "sha256-l0KFg5HjrsfsO/JpG+r7fRrqm12kzFHyUHqHCVpMMbI=",
        "owner": "numtide",
        "repo": "flake-utils",
        "rev": "11707dc2f618dd54ca8739b309ec4fc024de578b",
        "type": "github"
      },
      "original": {
        "owner": "numtide",
        "repo": "flake-utils",
        "type": "github"
      }
    },
    "flake-utils_8": {
      "inputs": {
        "systems": "systems_8"
      },
      "locked": {
        "lastModified": 1731533236,
        "narHash": "sha256-l0KFg5HjrsfsO/JpG+r7fRrqm12kzFHyUHqHCVpMMbI=",
        "owner": "numtide",
        "repo": "flake-utils",
        "rev": "11707dc2f618dd54ca8739b309ec4fc024de578b",
        "type": "github"
      },
      "original": {
        "owner": "numtide",
        "repo": "flake-utils",
        "type": "github"
      }
    },
    "gquery": {
      "inputs": {
        "flake-utils": "flake-utils_6",
        "nixpkgs": [
          "nixpkgs"
        ]
      },
      "locked": {
        "lastModified": 1736904295,
        "narHash": "sha256-5uvxAW8HWmXbZQvrGHBCDAh9Rdd2sdSMy6vD/C9mx5g=",
        "ref": "refs/heads/gbs_prism",
        "rev": "73abc4f2bd9373df356e34a7e353dbfdafe84ace",
        "revCount": 406,
        "type": "git",
        "url": "ssh://k-devops-pv01.agresearch.co.nz/tfs/Scientific/Bioinformatics/_git/gquery"
      },
      "original": {
        "ref": "refs/heads/gbs_prism",
        "type": "git",
        "url": "ssh://k-devops-pv01.agresearch.co.nz/tfs/Scientific/Bioinformatics/_git/gquery"
      }
    },
    "kgd": {
      "inputs": {
        "flake-utils": "flake-utils_7",
        "nixpkgs": [
          "nixpkgs"
        ]
      },
      "locked": {
        "lastModified": 1733178726,
        "narHash": "sha256-SDItPQyLVhAnZuZ9+/icQK5ITz6LTYdvpKDZ4cq/m4Y=",
        "owner": "AgResearch",
        "repo": "KGD",
        "rev": "5500113d0277f7b834c37450ea5ef9ecb920c91e",
        "type": "github"
      },
      "original": {
        "owner": "AgResearch",
        "ref": "refs/tags/v1.3.0",
        "repo": "KGD",
        "type": "github"
      }
    },
    "nixpkgs": {
      "locked": {
        "lastModified": 1728607274,
        "narHash": "sha256-YZFDAFxmZmKHpdEdssjIbtaRcf6KfDGy/i7loCc1da4=",
        "owner": "NixOS",
        "repo": "nixpkgs",
        "rev": "8e65989a9972ce1da033f445d2598683590dfb8a",
        "type": "github"
      },
      "original": {
        "owner": "NixOS",
        "repo": "nixpkgs",
        "type": "github"
      }
    },
    "root": {
      "inputs": {
        "GUSbase": "GUSbase",
        "bbmap": "bbmap",
        "bcl-convert": "bcl-convert",
        "cutadapt": "cutadapt",
        "flake-utils": "flake-utils_5",
        "gquery": "gquery",
        "kgd": "kgd",
        "nixpkgs": "nixpkgs",
        "tassel3": "tassel3"
      }
    },
    "systems": {
      "locked": {
        "lastModified": 1681028828,
        "narHash": "sha256-Vy1rq5AaRuLzOxct8nz4T6wlgyUR7zLU309k9mBC768=",
        "owner": "nix-systems",
        "repo": "default",
        "rev": "da67096a3b9bf56a91d16901293e51ba5b49a27e",
        "type": "github"
      },
      "original": {
        "owner": "nix-systems",
        "repo": "default",
        "type": "github"
      }
    },
    "systems_2": {
      "locked": {
        "lastModified": 1681028828,
        "narHash": "sha256-Vy1rq5AaRuLzOxct8nz4T6wlgyUR7zLU309k9mBC768=",
        "owner": "nix-systems",
        "repo": "default",
        "rev": "da67096a3b9bf56a91d16901293e51ba5b49a27e",
        "type": "github"
      },
      "original": {
        "owner": "nix-systems",
        "repo": "default",
        "type": "github"
      }
    },
    "systems_3": {
      "locked": {
        "lastModified": 1681028828,
        "narHash": "sha256-Vy1rq5AaRuLzOxct8nz4T6wlgyUR7zLU309k9mBC768=",
        "owner": "nix-systems",
        "repo": "default",
        "rev": "da67096a3b9bf56a91d16901293e51ba5b49a27e",
        "type": "github"
      },
      "original": {
        "owner": "nix-systems",
        "repo": "default",
        "type": "github"
      }
    },
    "systems_4": {
      "locked": {
        "lastModified": 1681028828,
        "narHash": "sha256-Vy1rq5AaRuLzOxct8nz4T6wlgyUR7zLU309k9mBC768=",
        "owner": "nix-systems",
        "repo": "default",
        "rev": "da67096a3b9bf56a91d16901293e51ba5b49a27e",
        "type": "github"
      },
      "original": {
        "owner": "nix-systems",
        "repo": "default",
        "type": "github"
      }
    },
    "systems_5": {
      "locked": {
        "lastModified": 1681028828,
        "narHash": "sha256-Vy1rq5AaRuLzOxct8nz4T6wlgyUR7zLU309k9mBC768=",
        "owner": "nix-systems",
        "repo": "default",
        "rev": "da67096a3b9bf56a91d16901293e51ba5b49a27e",
        "type": "github"
      },
      "original": {
        "owner": "nix-systems",
        "repo": "default",
        "type": "github"
      }
    },
    "systems_6": {
      "locked": {
        "lastModified": 1681028828,
        "narHash": "sha256-Vy1rq5AaRuLzOxct8nz4T6wlgyUR7zLU309k9mBC768=",
        "owner": "nix-systems",
        "repo": "default",
        "rev": "da67096a3b9bf56a91d16901293e51ba5b49a27e",
        "type": "github"
      },
      "original": {
        "owner": "nix-systems",
        "repo": "default",
        "type": "github"
      }
    },
    "systems_7": {
      "locked": {
        "lastModified": 1681028828,
        "narHash": "sha256-Vy1rq5AaRuLzOxct8nz4T6wlgyUR7zLU309k9mBC768=",
        "owner": "nix-systems",
        "repo": "default",
        "rev": "da67096a3b9bf56a91d16901293e51ba5b49a27e",
        "type": "github"
      },
      "original": {
        "owner": "nix-systems",
        "repo": "default",
        "type": "github"
      }
    },
    "systems_8": {
      "locked": {
        "lastModified": 1681028828,
        "narHash": "sha256-Vy1rq5AaRuLzOxct8nz4T6wlgyUR7zLU309k9mBC768=",
        "owner": "nix-systems",
        "repo": "default",
        "rev": "da67096a3b9bf56a91d16901293e51ba5b49a27e",
        "type": "github"
      },
      "original": {
        "owner": "nix-systems",
        "repo": "default",
        "type": "github"
      }
    },
    "tassel3": {
      "inputs": {
        "flake-utils": "flake-utils_8",
        "nixpkgs": [
          "nixpkgs"
        ]
      },
      "locked": {
        "lastModified": 1732763221,
        "narHash": "sha256-J5gERqDVwfWNCq719ezJPH2woJtTzqjzHKLSrrT2MF4=",
        "owner": "AgResearch",
        "repo": "tassel3",
        "rev": "0fc8c514569cc3ee8ebfebc8d7d45fd75aef85d9",
        "type": "github"
      },
      "original": {
        "owner": "AgResearch",
        "ref": "main",
        "repo": "tassel3",
        "type": "github"
      }
    }
  },
  "root": "root",
  "version": 7
}
