{
  "nodes": {
    "bbmap": {
      "inputs": {
        "flake-utils": "flake-utils",
        "nixpkgs": [
          "nixpkgs"
        ]
      },
      "locked": {
        "lastModified": 1728530980,
        "narHash": "sha256-+b1KnD6gsBjp5SgAbk40fC7FiTbFAcdQBdfupIDgy/0=",
        "owner": "AgResearch",
        "repo": "bbmap.nix",
        "rev": "7e84ca518c13acd1f9bdd2d8d556f9f27c62e3b0",
        "type": "github"
      },
      "original": {
        "owner": "AgResearch",
        "ref": "main",
        "repo": "bbmap.nix",
        "type": "github"
      }
    },
    "bcl-convert": {
      "inputs": {
        "flake-utils": "flake-utils_2",
        "nixpkgs": [
          "nixpkgs"
        ]
      },
      "locked": {
        "lastModified": 1713317552,
        "narHash": "sha256-E9Wbluiff4UtF8Qtyeg2CtBDe6Slw36W6oEHqepIsDk=",
        "owner": "AgResearch",
        "repo": "bcl-convert.nix",
        "rev": "0d00c1a38a6183d6e9acc2e6b86896e5237f4481",
        "type": "github"
      },
      "original": {
        "owner": "AgResearch",
        "ref": "main",
        "repo": "bcl-convert.nix",
        "type": "github"
      }
    },
    "cutadapt": {
      "inputs": {
        "flake-utils": "flake-utils_3",
        "nixpkgs": [
          "nixpkgs"
        ]
      },
      "locked": {
        "lastModified": 1730854251,
        "narHash": "sha256-KbcpcGyzjY/TM5YJDuVZNajsCunhpGPMLRIutFBMmcU=",
        "owner": "AgResearch",
        "repo": "cutadapt.nix",
        "rev": "7ef4d59aab1b577c931d30047bd215c90dcc587f",
        "type": "github"
      },
      "original": {
        "owner": "AgResearch",
        "ref": "main",
        "repo": "cutadapt.nix",
        "type": "github"
      }
    },
    "flake-utils": {
      "inputs": {
        "systems": "systems"
      },
      "locked": {
        "lastModified": 1710146030,
        "narHash": "sha256-SZ5L6eA7HJ/nmkzGG7/ISclqe6oZdOZTNoesiInkXPQ=",
        "owner": "numtide",
        "repo": "flake-utils",
        "rev": "b1d9ab70662946ef0850d488da1c9019f3a9752a",
        "type": "github"
      },
      "original": {
        "owner": "numtide",
        "repo": "flake-utils",
        "type": "github"
      }
    },
    "flake-utils_2": {
      "inputs": {
        "systems": "systems_2"
      },
      "locked": {
        "lastModified": 1710146030,
        "narHash": "sha256-SZ5L6eA7HJ/nmkzGG7/ISclqe6oZdOZTNoesiInkXPQ=",
        "owner": "numtide",
        "repo": "flake-utils",
        "rev": "b1d9ab70662946ef0850d488da1c9019f3a9752a",
        "type": "github"
      },
      "original": {
        "owner": "numtide",
        "repo": "flake-utils",
        "type": "github"
      }
    },
    "flake-utils_3": {
      "inputs": {
        "systems": "systems_3"
      },
      "locked": {
        "lastModified": 1726560853,
        "narHash": "sha256-X6rJYSESBVr3hBoH0WbKE5KvhPU5bloyZ2L4K60/fPQ=",
        "owner": "numtide",
        "repo": "flake-utils",
        "rev": "c1dfcf08411b08f6b8615f7d8971a2bfa81d5e8a",
        "type": "github"
      },
      "original": {
        "owner": "numtide",
        "repo": "flake-utils",
        "type": "github"
      }
    },
    "flake-utils_4": {
      "inputs": {
        "systems": "systems_4"
      },
      "locked": {
        "lastModified": 1726560853,
        "narHash": "sha256-X6rJYSESBVr3hBoH0WbKE5KvhPU5bloyZ2L4K60/fPQ=",
        "owner": "numtide",
        "repo": "flake-utils",
        "rev": "c1dfcf08411b08f6b8615f7d8971a2bfa81d5e8a",
        "type": "github"
      },
      "original": {
        "owner": "numtide",
        "repo": "flake-utils",
        "type": "github"
      }
    },
    "flake-utils_5": {
      "inputs": {
        "systems": "systems_5"
      },
      "locked": {
        "lastModified": 1694529238,
        "narHash": "sha256-zsNZZGTGnMOf9YpHKJqMSsa0dXbfmxeoJ7xHlrt+xmY=",
        "owner": "numtide",
        "repo": "flake-utils",
        "rev": "ff7b65b44d01cf9ba6a71320833626af21126384",
        "type": "github"
      },
      "original": {
        "owner": "numtide",
        "repo": "flake-utils",
        "type": "github"
      }
    },
    "flake-utils_6": {
      "inputs": {
        "systems": "systems_6"
      },
      "locked": {
        "lastModified": 1731533236,
        "narHash": "sha256-l0KFg5HjrsfsO/JpG+r7fRrqm12kzFHyUHqHCVpMMbI=",
        "owner": "numtide",
        "repo": "flake-utils",
        "rev": "11707dc2f618dd54ca8739b309ec4fc024de578b",
        "type": "github"
      },
      "original": {
        "owner": "numtide",
        "repo": "flake-utils",
        "type": "github"
      }
    },
    "flake-utils_7": {
      "inputs": {
        "systems": "systems_7"
      },
      "locked": {
        "lastModified": 1731533236,
        "narHash": "sha256-l0KFg5HjrsfsO/JpG+r7fRrqm12kzFHyUHqHCVpMMbI=",
        "owner": "numtide",
        "repo": "flake-utils",
        "rev": "11707dc2f618dd54ca8739b309ec4fc024de578b",
        "type": "github"
      },
      "original": {
        "owner": "numtide",
        "repo": "flake-utils",
        "type": "github"
      }
    },
    "gquery": {
      "inputs": {
        "flake-utils": "flake-utils_5",
        "nixpkgs": [
          "nixpkgs"
        ]
      },
      "locked": {
        "lastModified": 1730347456,
        "narHash": "sha256-FWjuCQQfge1km+8Lg1F8398xaLgwyyUN1kogZdhsBKM=",
        "ref": "refs/heads/gbs_prism",
        "rev": "3f3cef399eac5d61f943bc754520a3867427a7a4",
        "revCount": 401,
        "type": "git",
        "url": "ssh://k-devops-pv01.agresearch.co.nz/tfs/Scientific/Bioinformatics/_git/gquery"
      },
      "original": {
        "ref": "refs/heads/gbs_prism",
        "type": "git",
        "url": "ssh://k-devops-pv01.agresearch.co.nz/tfs/Scientific/Bioinformatics/_git/gquery"
      }
    },
    "kgd": {
      "inputs": {
        "flake-utils": "flake-utils_6",
        "nixpkgs": [
          "nixpkgs"
        ]
      },
      "locked": {
        "lastModified": 1732573933,
        "narHash": "sha256-+7jXdBmrebULjRySrYncC10W/I5QiaC52Uidxb4yPE0=",
        "owner": "AgResearch",
        "repo": "KGD",
        "rev": "0830a25adb555533e9b192ecd4d66d687eaa5969",
        "type": "github"
      },
      "original": {
        "owner": "AgResearch",
        "ref": "packaging",
        "repo": "KGD",
        "type": "github"
      }
    },
    "nixpkgs": {
      "locked": {
        "lastModified": 1728607274,
        "narHash": "sha256-YZFDAFxmZmKHpdEdssjIbtaRcf6KfDGy/i7loCc1da4=",
        "owner": "NixOS",
        "repo": "nixpkgs",
        "rev": "8e65989a9972ce1da033f445d2598683590dfb8a",
        "type": "github"
      },
      "original": {
        "owner": "NixOS",
        "repo": "nixpkgs",
        "type": "github"
      }
    },
    "root": {
      "inputs": {
        "bbmap": "bbmap",
        "bcl-convert": "bcl-convert",
        "cutadapt": "cutadapt",
        "flake-utils": "flake-utils_4",
        "gquery": "gquery",
        "kgd": "kgd",
        "nixpkgs": "nixpkgs",
        "tassel3": "tassel3"
      }
    },
    "systems": {
      "locked": {
        "lastModified": 1681028828,
        "narHash": "sha256-Vy1rq5AaRuLzOxct8nz4T6wlgyUR7zLU309k9mBC768=",
        "owner": "nix-systems",
        "repo": "default",
        "rev": "da67096a3b9bf56a91d16901293e51ba5b49a27e",
        "type": "github"
      },
      "original": {
        "owner": "nix-systems",
        "repo": "default",
        "type": "github"
      }
    },
    "systems_2": {
      "locked": {
        "lastModified": 1681028828,
        "narHash": "sha256-Vy1rq5AaRuLzOxct8nz4T6wlgyUR7zLU309k9mBC768=",
        "owner": "nix-systems",
        "repo": "default",
        "rev": "da67096a3b9bf56a91d16901293e51ba5b49a27e",
        "type": "github"
      },
      "original": {
        "owner": "nix-systems",
        "repo": "default",
        "type": "github"
      }
    },
    "systems_3": {
      "locked": {
        "lastModified": 1681028828,
        "narHash": "sha256-Vy1rq5AaRuLzOxct8nz4T6wlgyUR7zLU309k9mBC768=",
        "owner": "nix-systems",
        "repo": "default",
        "rev": "da67096a3b9bf56a91d16901293e51ba5b49a27e",
        "type": "github"
      },
      "original": {
        "owner": "nix-systems",
        "repo": "default",
        "type": "github"
      }
    },
    "systems_4": {
      "locked": {
        "lastModified": 1681028828,
        "narHash": "sha256-Vy1rq5AaRuLzOxct8nz4T6wlgyUR7zLU309k9mBC768=",
        "owner": "nix-systems",
        "repo": "default",
        "rev": "da67096a3b9bf56a91d16901293e51ba5b49a27e",
        "type": "github"
      },
      "original": {
        "owner": "nix-systems",
        "repo": "default",
        "type": "github"
      }
    },
    "systems_5": {
      "locked": {
        "lastModified": 1681028828,
        "narHash": "sha256-Vy1rq5AaRuLzOxct8nz4T6wlgyUR7zLU309k9mBC768=",
        "owner": "nix-systems",
        "repo": "default",
        "rev": "da67096a3b9bf56a91d16901293e51ba5b49a27e",
        "type": "github"
      },
      "original": {
        "owner": "nix-systems",
        "repo": "default",
        "type": "github"
      }
    },
    "systems_6": {
      "locked": {
        "lastModified": 1681028828,
        "narHash": "sha256-Vy1rq5AaRuLzOxct8nz4T6wlgyUR7zLU309k9mBC768=",
        "owner": "nix-systems",
        "repo": "default",
        "rev": "da67096a3b9bf56a91d16901293e51ba5b49a27e",
        "type": "github"
      },
      "original": {
        "owner": "nix-systems",
        "repo": "default",
        "type": "github"
      }
    },
    "systems_7": {
      "locked": {
        "lastModified": 1681028828,
        "narHash": "sha256-Vy1rq5AaRuLzOxct8nz4T6wlgyUR7zLU309k9mBC768=",
        "owner": "nix-systems",
        "repo": "default",
        "rev": "da67096a3b9bf56a91d16901293e51ba5b49a27e",
        "type": "github"
      },
      "original": {
        "owner": "nix-systems",
        "repo": "default",
        "type": "github"
      }
    },
    "tassel3": {
      "inputs": {
        "flake-utils": "flake-utils_7",
        "nixpkgs": [
          "nixpkgs"
        ]
      },
      "locked": {
        "lastModified": 1732224988,
        "narHash": "sha256-VGX4BCTb3khxzVxpBnVgKK/R/4o5m5kA/yWk0Q6DTc8=",
        "owner": "AgResearch",
        "repo": "tassel3",
        "rev": "18489c4cd3db3afc7029395eae76549f7e399aee",
        "type": "github"
      },
      "original": {
        "owner": "AgResearch",
        "ref": "dev",
        "repo": "tassel3",
        "type": "github"
      }
    }
  },
  "root": "root",
  "version": 7
}
